
Microsoft Visual Studio Solution File, Format Version 12.00
# Visual Studio Version 16
VisualStudioVersion = 16.0.30114.105
MinimumVisualStudioVersion = 10.0.40219.1
Project("{FAE04EC0-301F-11D3-BF4B-00C04F79EFBC}") = "TalendMigration.Core", "TalendMigration.Core\TalendMigration.Core.csproj", "{B1856C1B-353B-441D-B86B-AF9A50D08AFF}"
EndProject
Global
	GlobalSection(SolutionConfigurationPlatforms) = preSolution
		Debug|Any CPU = Debug|Any CPU
		Release|Any CPU = Release|Any CPU
	EndGlobalSection
	GlobalSection(SolutionProperties) = preSolution
		HideSolutionNode = FALSE
	EndGlobalSection
	GlobalSection(ProjectConfigurationPlatforms) = postSolution
		{B1856C1B-353B-441D-B86B-AF9A50D08AFF}.Debug|Any CPU.ActiveCfg = Debug|Any CPU
		{B1856C1B-353B-441D-B86B-AF9A50D08AFF}.Debug|Any CPU.Build.0 = Debug|Any CPU
		{B1856C1B-353B-441D-B86B-AF9A50D08AFF}.Release|Any CPU.ActiveCfg = Release|Any CPU
		{B1856C1B-353B-441D-B86B-AF9A50D08AFF}.Release|Any CPU.Build.0 = Release|Any CPU
	EndGlobalSection
EndGlobal
